
Microsoft Visual Studio Solution File, Format Version 12.00
# Visual Studio Version 17
VisualStudioVersion = 17.3.32929.385
MinimumVisualStudioVersion = 10.0.40219.1
Project("{9A19103F-16F7-4668-BE54-9A1E7A4F7556}") = "ExecuterAndReception", "ExecuterAndReception\ExecuterAndReception.csproj", "{7D2F5006-00B7-4F91-8944-9F804A2AACE4}"
EndProject
Project("{FAE04EC0-301F-11D3-BF4B-00C04F79EFBC}") = "ExecuterAndReceptionTests", "ExecuterAndReceptionTests\ExecuterAndReceptionTests.csproj", "{6A9FD143-E84A-4E0E-8F09-97DE7593EED3}"
EndProject
Global
	GlobalSection(SolutionConfigurationPlatforms) = preSolution
		Debug|Any CPU = Debug|Any CPU
		Debug|x64 = Debug|x64
		Release|Any CPU = Release|Any CPU
		Release|x64 = Release|x64
	EndGlobalSection
	GlobalSection(ProjectConfigurationPlatforms) = postSolution
		{7D2F5006-00B7-4F91-8944-9F804A2AACE4}.Debug|Any CPU.ActiveCfg = Debug|Any CPU
		{7D2F5006-00B7-4F91-8944-9F804A2AACE4}.Debug|Any CPU.Build.0 = Debug|Any CPU
		{7D2F5006-00B7-4F91-8944-9F804A2AACE4}.Debug|x64.ActiveCfg = Debug|x64
		{7D2F5006-00B7-4F91-8944-9F804A2AACE4}.Debug|x64.Build.0 = Debug|x64
		{7D2F5006-00B7-4F91-8944-9F804A2AACE4}.Release|Any CPU.ActiveCfg = Release|Any CPU
		{7D2F5006-00B7-4F91-8944-9F804A2AACE4}.Release|Any CPU.Build.0 = Release|Any CPU
		{7D2F5006-00B7-4F91-8944-9F804A2AACE4}.Release|x64.ActiveCfg = Release|x64
		{7D2F5006-00B7-4F91-8944-9F804A2AACE4}.Release|x64.Build.0 = Release|x64
		{6A9FD143-E84A-4E0E-8F09-97DE7593EED3}.Debug|Any CPU.ActiveCfg = Debug|Any CPU
		{6A9FD143-E84A-4E0E-8F09-97DE7593EED3}.Debug|Any CPU.Build.0 = Debug|Any CPU
		{6A9FD143-E84A-4E0E-8F09-97DE7593EED3}.Debug|x64.ActiveCfg = Debug|Any CPU
		{6A9FD143-E84A-4E0E-8F09-97DE7593EED3}.Debug|x64.Build.0 = Debug|Any CPU
		{6A9FD143-E84A-4E0E-8F09-97DE7593EED3}.Release|Any CPU.ActiveCfg = Release|Any CPU
		{6A9FD143-E84A-4E0E-8F09-97DE7593EED3}.Release|Any CPU.Build.0 = Release|Any CPU
		{6A9FD143-E84A-4E0E-8F09-97DE7593EED3}.Release|x64.ActiveCfg = Release|Any CPU
		{6A9FD143-E84A-4E0E-8F09-97DE7593EED3}.Release|x64.Build.0 = Release|Any CPU
	EndGlobalSection
	GlobalSection(SolutionProperties) = preSolution
		HideSolutionNode = FALSE
	EndGlobalSection
	GlobalSection(ExtensibilityGlobals) = postSolution
		SolutionGuid = {D6A2A7A3-C8ED-49E1-82FE-DBC84BECB118}
	EndGlobalSection
EndGlobal
